
Microsoft Visual Studio Solution File, Format Version 12.00
# Visual Studio 2017
Project("{FAE04EC0-301F-11D3-BF4B-00C04F79EFBC}") = "Test C#.Plugins", "Test C#.Plugins.csproj", "{CA8C1230-E4E0-55CB-EE46-C81283C94B54}"
EndProject
Project("{FAE04EC0-301F-11D3-BF4B-00C04F79EFBC}") = "Test C#", "Test C#.csproj", "{F0BFB059-46C8-D7DC-7294-7621024C40C3}"
EndProject
Global
	GlobalSection(SolutionConfigurationPlatforms) = preSolution
		Debug|Any CPU = Debug|Any CPU
		Release|Any CPU = Release|Any CPU
	EndGlobalSection
	GlobalSection(ProjectConfigurationPlatforms) = postSolution
		{CA8C1230-E4E0-55CB-EE46-C81283C94B54}.Debug|Any CPU.ActiveCfg = Debug|Any CPU
		{CA8C1230-E4E0-55CB-EE46-C81283C94B54}.Debug|Any CPU.Build.0 = Debug|Any CPU
		{CA8C1230-E4E0-55CB-EE46-C81283C94B54}.Release|Any CPU.ActiveCfg = Release|Any CPU
		{CA8C1230-E4E0-55CB-EE46-C81283C94B54}.Release|Any CPU.Build.0 = Release|Any CPU
		{F0BFB059-46C8-D7DC-7294-7621024C40C3}.Debug|Any CPU.ActiveCfg = Debug|Any CPU
		{F0BFB059-46C8-D7DC-7294-7621024C40C3}.Debug|Any CPU.Build.0 = Debug|Any CPU
		{F0BFB059-46C8-D7DC-7294-7621024C40C3}.Release|Any CPU.ActiveCfg = Release|Any CPU
		{F0BFB059-46C8-D7DC-7294-7621024C40C3}.Release|Any CPU.Build.0 = Release|Any CPU
	EndGlobalSection
	GlobalSection(SolutionProperties) = preSolution
		HideSolutionNode = FALSE
	EndGlobalSection
EndGlobal
